
Microsoft Visual Studio Solution File, Format Version 12.00
# Visual Studio Version 17
VisualStudioVersion = 17.3.32901.215
MinimumVisualStudioVersion = 10.0.40219.1
Project("{8BC9CEB8-8B4A-11D0-8D11-00A0C91BC942}") = "gomudko", "gomudko\gomudko.vcxproj", "{7065F541-1915-40CD-8D83-3310FAC69D3D}"
EndProject
Global
	GlobalSection(SolutionConfigurationPlatforms) = preSolution
		Debug|x64 = Debug|x64
		Debug|x86 = Debug|x86
		Release|x64 = Release|x64
		Release|x86 = Release|x86
	EndGlobalSection
	GlobalSection(ProjectConfigurationPlatforms) = postSolution
		{7065F541-1915-40CD-8D83-3310FAC69D3D}.Debug|x64.ActiveCfg = Debug|x64
		{7065F541-1915-40CD-8D83-3310FAC69D3D}.Debug|x64.Build.0 = Debug|x64
		{7065F541-1915-40CD-8D83-3310FAC69D3D}.Debug|x86.ActiveCfg = Debug|Win32
		{7065F541-1915-40CD-8D83-3310FAC69D3D}.Debug|x86.Build.0 = Debug|Win32
		{7065F541-1915-40CD-8D83-3310FAC69D3D}.Release|x64.ActiveCfg = Release|x64
		{7065F541-1915-40CD-8D83-3310FAC69D3D}.Release|x64.Build.0 = Release|x64
		{7065F541-1915-40CD-8D83-3310FAC69D3D}.Release|x86.ActiveCfg = Release|Win32
		{7065F541-1915-40CD-8D83-3310FAC69D3D}.Release|x86.Build.0 = Release|Win32
	EndGlobalSection
	GlobalSection(SolutionProperties) = preSolution
		HideSolutionNode = FALSE
	EndGlobalSection
	GlobalSection(ExtensibilityGlobals) = postSolution
		SolutionGuid = {75FAFD7A-B0E9-448F-A8F4-9D32B512E60C}
	EndGlobalSection
EndGlobal
